
Microsoft Visual Studio Solution File, Format Version 12.00
# Visual Studio Version 16
VisualStudioVersion = 16.0.29728.190
MinimumVisualStudioVersion = 10.0.40219.1
Project("{FAE04EC0-301F-11D3-BF4B-00C04F79EFBC}") = "Travail", "Travail\Travail.csproj", "{4D9A793C-1FF0-46DE-82D0-9E27363C712A}"
EndProject
Global
	GlobalSection(SolutionConfigurationPlatforms) = preSolution
		Debug|Any CPU = Debug|Any CPU
		Release|Any CPU = Release|Any CPU
	EndGlobalSection
	GlobalSection(ProjectConfigurationPlatforms) = postSolution
		{4D9A793C-1FF0-46DE-82D0-9E27363C712A}.Debug|Any CPU.ActiveCfg = Debug|Any CPU
		{4D9A793C-1FF0-46DE-82D0-9E27363C712A}.Debug|Any CPU.Build.0 = Debug|Any CPU
		{4D9A793C-1FF0-46DE-82D0-9E27363C712A}.Release|Any CPU.ActiveCfg = Release|Any CPU
		{4D9A793C-1FF0-46DE-82D0-9E27363C712A}.Release|Any CPU.Build.0 = Release|Any CPU
	EndGlobalSection
	GlobalSection(SolutionProperties) = preSolution
		HideSolutionNode = FALSE
	EndGlobalSection
	GlobalSection(ExtensibilityGlobals) = postSolution
		SolutionGuid = {62FDEBAC-4187-484A-A2E8-4FB7F6CB4EE3}
	EndGlobalSection
EndGlobal
